# xyz parameters
fine_magnitude: 1
z_finedist: 0.03                  # distance between connsites at which to start fine adjustment
z_conn_dist: 0.0152                 # distance between connsites at which to connect
lat_magnitude: 20           # keep movespeed constant at 0.025
eps: 0.005                      # max acceptable x,y,z difference
eps_fine: 0.002                # max acceptable x,y,z difference
# rot parameters
rot_magnitude: 0.4
rot_eps: 0.05
rot_eps_fine: 0.01
min_rot_act: 0.1
min_rot_act_fine: 0.01
#general parameters
use_closest: False
num_connects: 2
max_success_steps: 400            # max # of steps a successful demo will take
recipe:
        - !!python/tuple ["1_block_l", "2_block_r"]

site_recipe:
        - !!python/tuple ["left-right,0,180,conn_site1", "right-left,0,180,conn_site1"]

grip_init_pos:
    -
    -
      - [0, 0, 0.2, 0.25]

waypoints:
    -
      - [0, 0, 0.1]
    -
      - [-0.169076, 0.006912, 0.1]  # 移动到`1_block_l`的上方
    -
      - [0.207085, 0.013862, 0.1]

nogrip_safepos:
    -
    -

grip_angles:
    -
      - [0, 0, -1]
    -
      - [0, 0, -1]
